
Microsoft Visual Studio Solution File, Format Version 12.00
# Visual Studio Version 16
VisualStudioVersion = 16.0.30413.136
MinimumVisualStudioVersion = 10.0.40219.1
Project("{FAE04EC0-301F-11D3-BF4B-00C04F79EFBC}") = "snake22", "snake22\snake22.csproj", "{036F003F-7DFE-4A61-A63A-A0FA9BEF5BCA}"
EndProject
Global
	GlobalSection(SolutionConfigurationPlatforms) = preSolution
		Debug|Any CPU = Debug|Any CPU
		Release|Any CPU = Release|Any CPU
	EndGlobalSection
	GlobalSection(ProjectConfigurationPlatforms) = postSolution
		{036F003F-7DFE-4A61-A63A-A0FA9BEF5BCA}.Debug|Any CPU.ActiveCfg = Debug|Any CPU
		{036F003F-7DFE-4A61-A63A-A0FA9BEF5BCA}.Debug|Any CPU.Build.0 = Debug|Any CPU
		{036F003F-7DFE-4A61-A63A-A0FA9BEF5BCA}.Release|Any CPU.ActiveCfg = Release|Any CPU
		{036F003F-7DFE-4A61-A63A-A0FA9BEF5BCA}.Release|Any CPU.Build.0 = Release|Any CPU
	EndGlobalSection
	GlobalSection(SolutionProperties) = preSolution
		HideSolutionNode = FALSE
	EndGlobalSection
	GlobalSection(ExtensibilityGlobals) = postSolution
		SolutionGuid = {F1DB178A-6E5A-4CF7-88DF-A8D80EB97B64}
	EndGlobalSection
EndGlobal
